
Microsoft Visual Studio Solution File, Format Version 12.00
# Visual Studio Version 17
VisualStudioVersion = 17.2.32602.215
MinimumVisualStudioVersion = 10.0.40219.1
Project("{FAE04EC0-301F-11D3-BF4B-00C04F79EFBC}") = "CS223LecAssignmentII", "CS223LecAssignmentII.csproj", "{EA3F4C86-E2A1-4DA6-ACD3-42E96DF0F082}"
EndProject
Global
	GlobalSection(SolutionConfigurationPlatforms) = preSolution
		Debug|Any CPU = Debug|Any CPU
		Release|Any CPU = Release|Any CPU
	EndGlobalSection
	GlobalSection(ProjectConfigurationPlatforms) = postSolution
		{EA3F4C86-E2A1-4DA6-ACD3-42E96DF0F082}.Debug|Any CPU.ActiveCfg = Debug|Any CPU
		{EA3F4C86-E2A1-4DA6-ACD3-42E96DF0F082}.Debug|Any CPU.Build.0 = Debug|Any CPU
		{EA3F4C86-E2A1-4DA6-ACD3-42E96DF0F082}.Release|Any CPU.ActiveCfg = Release|Any CPU
		{EA3F4C86-E2A1-4DA6-ACD3-42E96DF0F082}.Release|Any CPU.Build.0 = Release|Any CPU
	EndGlobalSection
	GlobalSection(SolutionProperties) = preSolution
		HideSolutionNode = FALSE
	EndGlobalSection
	GlobalSection(ExtensibilityGlobals) = postSolution
		SolutionGuid = {96758B1B-5AF9-4B29-A73C-27F823A82358}
	EndGlobalSection
EndGlobal
